// !$*UTF8*$!
{
	archiveVersion = 1;
	classes = {
	};
	objectVersion = 77;
	objects = {

/* Begin PBXContainerItemProxy section */
		C7BEBBD82DAE8E6F001134CC /* PBXContainerItemProxy */ = {
			isa = PBXContainerItemProxy;
			containerPortal = C7BEBBC22DAE8E6E001134CC /* Project object */;
			proxyType = 1;
			remoteGlobalIDString = C7BEBBC92DAE8E6E001134CC;
			remoteInfo = TestWebviewLegitimuzSDK;
		};
		C7BEBBE22DAE8E6F001134CC /* PBXContainerItemProxy */ = {
			isa = PBXContainerItemProxy;
			containerPortal = C7BEBBC22DAE8E6E001134CC /* Project object */;
			proxyType = 1;
			remoteGlobalIDString = C7BEBBC92DAE8E6E001134CC;
			remoteInfo = TestWebviewLegitimuzSDK;
		};
/* End PBXContainerItemProxy section */

/* Begin PBXFileReference section */
		C7BEBBCA2DAE8E6E001134CC /* TestWebviewLegitimuzSDK.app */ = {isa = PBXFileReference; explicitFileType = wrapper.application; includeInIndex = 0; path = TestWebviewLegitimuzSDK.app; sourceTree = BUILT_PRODUCTS_DIR; };
		C7BEBBD72DAE8E6F001134CC /* TestWebviewLegitimuzSDKTests.xctest */ = {isa = PBXFileReference; explicitFileType = wrapper.cfbundle; includeInIndex = 0; path = TestWebviewLegitimuzSDKTests.xctest; sourceTree = BUILT_PRODUCTS_DIR; };
		C7BEBBE12DAE8E6F001134CC /* TestWebviewLegitimuzSDKUITests.xctest */ = {isa = PBXFileReference; explicitFileType = wrapper.cfbundle; includeInIndex = 0; path = TestWebviewLegitimuzSDKUITests.xctest; sourceTree = BUILT_PRODUCTS_DIR; };
/* End PBXFileReference section */

/* Begin PBXFileSystemSynchronizedBuildFileExceptionSet section */
		C7BEBBF52DAEB207001134CC /* Exceptions for "TestWebviewLegitimuzSDK" folder in "TestWebviewLegitimuzSDK" target */ = {
			isa = PBXFileSystemSynchronizedBuildFileExceptionSet;
			membershipExceptions = (
				Info.plist,
			);
			target = C7BEBBC92DAE8E6E001134CC /* TestWebviewLegitimuzSDK */;
		};
/* End PBXFileSystemSynchronizedBuildFileExceptionSet section */

/* Begin PBXFileSystemSynchronizedRootGroup section */
		C7BEBBCC2DAE8E6E001134CC /* TestWebviewLegitimuzSDK */ = {
			isa = PBXFileSystemSynchronizedRootGroup;
			exceptions = (
				C7BEBBF52DAEB207001134CC /* Exceptions for "TestWebviewLegitimuzSDK" folder in "TestWebviewLegitimuzSDK" target */,
			);
			path = TestWebviewLegitimuzSDK;
			sourceTree = "<group>";
		};
		C7BEBBDA2DAE8E6F001134CC /* TestWebviewLegitimuzSDKTests */ = {
			isa = PBXFileSystemSynchronizedRootGroup;
			path = TestWebviewLegitimuzSDKTests;
			sourceTree = "<group>";
		};
		C7BEBBE42DAE8E6F001134CC /* TestWebviewLegitimuzSDKUITests */ = {
			isa = PBXFileSystemSynchronizedRootGroup;
			path = TestWebviewLegitimuzSDKUITests;
			sourceTree = "<group>";
		};
/* End PBXFileSystemSynchronizedRootGroup section */

/* Begin PBXFrameworksBuildPhase section */
		C7BEBBC72DAE8E6E001134CC /* Frameworks */ = {
			isa = PBXFrameworksBuildPhase;
			buildActionMask = 2147483647;
			files = (
			);
			runOnlyForDeploymentPostprocessing = 0;
		};
		C7BEBBD42DAE8E6F001134CC /* Frameworks */ = {
			isa = PBXFrameworksBuildPhase;
			buildActionMask = 2147483647;
			files = (
			);
			runOnlyForDeploymentPostprocessing = 0;
		};
		C7BEBBDE2DAE8E6F001134CC /* Frameworks */ = {
			isa = PBXFrameworksBuildPhase;
			buildActionMask = 2147483647;
			files = (
			);
			runOnlyForDeploymentPostprocessing = 0;
		};
/* End PBXFrameworksBuildPhase section */

/* Begin PBXGroup section */
		C7BEBBC12DAE8E6E001134CC = {
			isa = PBXGroup;
			children = (
				C7BEBBCC2DAE8E6E001134CC /* TestWebviewLegitimuzSDK */,
				C7BEBBDA2DAE8E6F001134CC /* TestWebviewLegitimuzSDKTests */,
				C7BEBBE42DAE8E6F001134CC /* TestWebviewLegitimuzSDKUITests */,
				C7BEBBCB2DAE8E6E001134CC /* Products */,
			);
			sourceTree = "<group>";
		};
		C7BEBBCB2DAE8E6E001134CC /* Products */ = {
			isa = PBXGroup;
			children = (
				C7BEBBCA2DAE8E6E001134CC /* TestWebviewLegitimuzSDK.app */,
				C7BEBBD72DAE8E6F001134CC /* TestWebviewLegitimuzSDKTests.xctest */,
				C7BEBBE12DAE8E6F001134CC /* TestWebviewLegitimuzSDKUITests.xctest */,
			);
			name = Products;
			sourceTree = "<group>";
		};
/* End PBXGroup section */

/* Begin PBXNativeTarget section */
		C7BEBBC92DAE8E6E001134CC /* TestWebviewLegitimuzSDK */ = {
			isa = PBXNativeTarget;
			buildConfigurationList = C7BEBBEB2DAE8E6F001134CC /* Build configuration list for PBXNativeTarget "TestWebviewLegitimuzSDK" */;
			buildPhases = (
				C7BEBBC62DAE8E6E001134CC /* Sources */,
				C7BEBBC72DAE8E6E001134CC /* Frameworks */,
				C7BEBBC82DAE8E6E001134CC /* Resources */,
			);
			buildRules = (
			);
			dependencies = (
			);
			fileSystemSynchronizedGroups = (
				C7BEBBCC2DAE8E6E001134CC /* TestWebviewLegitimuzSDK */,
			);
			name = TestWebviewLegitimuzSDK;
			packageProductDependencies = (
			);
			productName = TestWebviewLegitimuzSDK;
			productReference = C7BEBBCA2DAE8E6E001134CC /* TestWebviewLegitimuzSDK.app */;
			productType = "com.apple.product-type.application";
		};
		C7BEBBD62DAE8E6F001134CC /* TestWebviewLegitimuzSDKTests */ = {
			isa = PBXNativeTarget;
			buildConfigurationList = C7BEBBEE2DAE8E6F001134CC /* Build configuration list for PBXNativeTarget "TestWebviewLegitimuzSDKTests" */;
			buildPhases = (
				C7BEBBD32DAE8E6F001134CC /* Sources */,
				C7BEBBD42DAE8E6F001134CC /* Frameworks */,
				C7BEBBD52DAE8E6F001134CC /* Resources */,
			);
			buildRules = (
			);
			dependencies = (
				C7BEBBD92DAE8E6F001134CC /* PBXTargetDependency */,
			);
			fileSystemSynchronizedGroups = (
				C7BEBBDA2DAE8E6F001134CC /* TestWebviewLegitimuzSDKTests */,
			);
			name = TestWebviewLegitimuzSDKTests;
			packageProductDependencies = (
			);
			productName = TestWebviewLegitimuzSDKTests;
			productReference = C7BEBBD72DAE8E6F001134CC /* TestWebviewLegitimuzSDKTests.xctest */;
			productType = "com.apple.product-type.bundle.unit-test";
		};
		C7BEBBE02DAE8E6F001134CC /* TestWebviewLegitimuzSDKUITests */ = {
			isa = PBXNativeTarget;
			buildConfigurationList = C7BEBBF12DAE8E6F001134CC /* Build configuration list for PBXNativeTarget "TestWebviewLegitimuzSDKUITests" */;
			buildPhases = (
				C7BEBBDD2DAE8E6F001134CC /* Sources */,
				C7BEBBDE2DAE8E6F001134CC /* Frameworks */,
				C7BEBBDF2DAE8E6F001134CC /* Resources */,
			);
			buildRules = (
			);
			dependencies = (
				C7BEBBE32DAE8E6F001134CC /* PBXTargetDependency */,
			);
			fileSystemSynchronizedGroups = (
				C7BEBBE42DAE8E6F001134CC /* TestWebviewLegitimuzSDKUITests */,
			);
			name = TestWebviewLegitimuzSDKUITests;
			packageProductDependencies = (
			);
			productName = TestWebviewLegitimuzSDKUITests;
			productReference = C7BEBBE12DAE8E6F001134CC /* TestWebviewLegitimuzSDKUITests.xctest */;
			productType = "com.apple.product-type.bundle.ui-testing";
		};
/* End PBXNativeTarget section */

/* Begin PBXProject section */
		C7BEBBC22DAE8E6E001134CC /* Project object */ = {
			isa = PBXProject;
			attributes = {
				BuildIndependentTargetsInParallel = 1;
				LastSwiftUpdateCheck = 1630;
				LastUpgradeCheck = 1630;
				TargetAttributes = {
					C7BEBBC92DAE8E6E001134CC = {
						CreatedOnToolsVersion = 16.3;
					};
					C7BEBBD62DAE8E6F001134CC = {
						CreatedOnToolsVersion = 16.3;
						TestTargetID = C7BEBBC92DAE8E6E001134CC;
					};
					C7BEBBE02DAE8E6F001134CC = {
						CreatedOnToolsVersion = 16.3;
						TestTargetID = C7BEBBC92DAE8E6E001134CC;
					};
				};
			};
			buildConfigurationList = C7BEBBC52DAE8E6E001134CC /* Build configuration list for PBXProject "TestWebviewLegitimuzSDK" */;
			developmentRegion = en;
			hasScannedForEncodings = 0;
			knownRegions = (
				en,
				Base,
			);
			mainGroup = C7BEBBC12DAE8E6E001134CC;
			minimizedProjectReferenceProxies = 1;
			preferredProjectObjectVersion = 77;
			productRefGroup = C7BEBBCB2DAE8E6E001134CC /* Products */;
			projectDirPath = "";
			projectRoot = "";
			targets = (
				C7BEBBC92DAE8E6E001134CC /* TestWebviewLegitimuzSDK */,
				C7BEBBD62DAE8E6F001134CC /* TestWebviewLegitimuzSDKTests */,
				C7BEBBE02DAE8E6F001134CC /* TestWebviewLegitimuzSDKUITests */,
			);
		};
/* End PBXProject section */

/* Begin PBXResourcesBuildPhase section */
		C7BEBBC82DAE8E6E001134CC /* Resources */ = {
			isa = PBXResourcesBuildPhase;
			buildActionMask = 2147483647;
			files = (
			);
			runOnlyForDeploymentPostprocessing = 0;
		};
		C7BEBBD52DAE8E6F001134CC /* Resources */ = {
			isa = PBXResourcesBuildPhase;
			buildActionMask = 2147483647;
			files = (
			);
			runOnlyForDeploymentPostprocessing = 0;
		};
		C7BEBBDF2DAE8E6F001134CC /* Resources */ = {
			isa = PBXResourcesBuildPhase;
			buildActionMask = 2147483647;
			files = (
			);
			runOnlyForDeploymentPostprocessing = 0;
		};
/* End PBXResourcesBuildPhase section */

/* Begin PBXSourcesBuildPhase section */
		C7BEBBC62DAE8E6E001134CC /* Sources */ = {
			isa = PBXSourcesBuildPhase;
			buildActionMask = 2147483647;
			files = (
			);
			runOnlyForDeploymentPostprocessing = 0;
		};
		C7BEBBD32DAE8E6F001134CC /* Sources */ = {
			isa = PBXSourcesBuildPhase;
			buildActionMask = 2147483647;
			files = (
			);
			runOnlyForDeploymentPostprocessing = 0;
		};
		C7BEBBDD2DAE8E6F001134CC /* Sources */ = {
			isa = PBXSourcesBuildPhase;
			buildActionMask = 2147483647;
			files = (
			);
			runOnlyForDeploymentPostprocessing = 0;
		};
/* End PBXSourcesBuildPhase section */

/* Begin PBXTargetDependency section */
		C7BEBBD92DAE8E6F001134CC /* PBXTargetDependency */ = {
			isa = PBXTargetDependency;
			target = C7BEBBC92DAE8E6E001134CC /* TestWebviewLegitimuzSDK */;
			targetProxy = C7BEBBD82DAE8E6F001134CC /* PBXContainerItemProxy */;
		};
		C7BEBBE32DAE8E6F001134CC /* PBXTargetDependency */ = {
			isa = PBXTargetDependency;
			target = C7BEBBC92DAE8E6E001134CC /* TestWebviewLegitimuzSDK */;
			targetProxy = C7BEBBE22DAE8E6F001134CC /* PBXContainerItemProxy */;
		};
/* End PBXTargetDependency section */

/* Begin XCBuildConfiguration section */
		C7BEBBE92DAE8E6F001134CC /* Debug */ = {
			isa = XCBuildConfiguration;
			buildSettings = {
				ALWAYS_SEARCH_USER_PATHS = NO;
				ASSETCATALOG_COMPILER_GENERATE_SWIFT_ASSET_SYMBOL_EXTENSIONS = YES;
				CLANG_ANALYZER_NONNULL = YES;
				CLANG_ANALYZER_NUMBER_OBJECT_CONVERSION = YES_AGGRESSIVE;
				CLANG_CXX_LANGUAGE_STANDARD = "gnu++20";
				CLANG_ENABLE_MODULES = YES;
				CLANG_ENABLE_OBJC_ARC = YES;
				CLANG_ENABLE_OBJC_WEAK = YES;
				CLANG_WARN_BLOCK_CAPTURE_AUTORELEASING = YES;
				CLANG_WARN_BOOL_CONVERSION = YES;
				CLANG_WARN_COMMA = YES;
				CLANG_WARN_CONSTANT_CONVERSION = YES;
				CLANG_WARN_DEPRECATED_OBJC_IMPLEMENTATIONS = YES;
				CLANG_WARN_DIRECT_OBJC_ISA_USAGE = YES_ERROR;
				CLANG_WARN_DOCUMENTATION_COMMENTS = YES;
				CLANG_WARN_EMPTY_BODY = YES;
				CLANG_WARN_ENUM_CONVERSION = YES;
				CLANG_WARN_INFINITE_RECURSION = YES;
				CLANG_WARN_INT_CONVERSION = YES;
				CLANG_WARN_NON_LITERAL_NULL_CONVERSION = YES;
				CLANG_WARN_OBJC_IMPLICIT_RETAIN_SELF = YES;
				CLANG_WARN_OBJC_LITERAL_CONVERSION = YES;
				CLANG_WARN_OBJC_ROOT_CLASS = YES_ERROR;
				CLANG_WARN_QUOTED_INCLUDE_IN_FRAMEWORK_HEADER = YES;
				CLANG_WARN_RANGE_LOOP_ANALYSIS = YES;
				CLANG_WARN_STRICT_PROTOTYPES = YES;
				CLANG_WARN_SUSPICIOUS_MOVE = YES;
				CLANG_WARN_UNGUARDED_AVAILABILITY = YES_AGGRESSIVE;
				CLANG_WARN_UNREACHABLE_CODE = YES;
				CLANG_WARN__DUPLICATE_METHOD_MATCH = YES;
				COPY_PHASE_STRIP = NO;
				DEBUG_INFORMATION_FORMAT = dwarf;
				ENABLE_STRICT_OBJC_MSGSEND = YES;
				ENABLE_TESTABILITY = YES;
				ENABLE_USER_SCRIPT_SANDBOXING = YES;
				GCC_C_LANGUAGE_STANDARD = gnu17;
				GCC_DYNAMIC_NO_PIC = NO;
				GCC_NO_COMMON_BLOCKS = YES;
				GCC_OPTIMIZATION_LEVEL = 0;
				GCC_PREPROCESSOR_DEFINITIONS = (
					"DEBUG=1",
					"$(inherited)",
				);
				GCC_WARN_64_TO_32_BIT_CONVERSION = YES;
				GCC_WARN_ABOUT_RETURN_TYPE = YES_ERROR;
				GCC_WARN_UNDECLARED_SELECTOR = YES;
				GCC_WARN_UNINITIALIZED_AUTOS = YES_AGGRESSIVE;
				GCC_WARN_UNUSED_FUNCTION = YES;
				GCC_WARN_UNUSED_VARIABLE = YES;
				IPHONEOS_DEPLOYMENT_TARGET = 18.4;
				LOCALIZATION_PREFERS_STRING_CATALOGS = YES;
				MTL_ENABLE_DEBUG_INFO = INCLUDE_SOURCE;
				MTL_FAST_MATH = YES;
				ONLY_ACTIVE_ARCH = YES;
				SDKROOT = iphoneos;
				SWIFT_ACTIVE_COMPILATION_CONDITIONS = "DEBUG $(inherited)";
				SWIFT_OPTIMIZATION_LEVEL = "-Onone";
			};
			name = Debug;
		};
		C7BEBBEA2DAE8E6F001134CC /* Release */ = {
			isa = XCBuildConfiguration;
			buildSettings = {
				ALWAYS_SEARCH_USER_PATHS = NO;
				ASSETCATALOG_COMPILER_GENERATE_SWIFT_ASSET_SYMBOL_EXTENSIONS = YES;
				CLANG_ANALYZER_NONNULL = YES;
				CLANG_ANALYZER_NUMBER_OBJECT_CONVERSION = YES_AGGRESSIVE;
				CLANG_CXX_LANGUAGE_STANDARD = "gnu++20";
				CLANG_ENABLE_MODULES = YES;
				CLANG_ENABLE_OBJC_ARC = YES;
				CLANG_ENABLE_OBJC_WEAK = YES;
				CLANG_WARN_BLOCK_CAPTURE_AUTORELEASING = YES;
				CLANG_WARN_BOOL_CONVERSION = YES;
				CLANG_WARN_COMMA = YES;
				CLANG_WARN_CONSTANT_CONVERSION = YES;
				CLANG_WARN_DEPRECATED_OBJC_IMPLEMENTATIONS = YES;
				CLANG_WARN_DIRECT_OBJC_ISA_USAGE = YES_ERROR;
				CLANG_WARN_DOCUMENTATION_COMMENTS = YES;
				CLANG_WARN_EMPTY_BODY = YES;
				CLANG_WARN_ENUM_CONVERSION = YES;
				CLANG_WARN_INFINITE_RECURSION = YES;
				CLANG_WARN_INT_CONVERSION = YES;
				CLANG_WARN_NON_LITERAL_NULL_CONVERSION = YES;
				CLANG_WARN_OBJC_IMPLICIT_RETAIN_SELF = YES;
				CLANG_WARN_OBJC_LITERAL_CONVERSION = YES;
				CLANG_WARN_OBJC_ROOT_CLASS = YES_ERROR;
				CLANG_WARN_QUOTED_INCLUDE_IN_FRAMEWORK_HEADER = YES;
				CLANG_WARN_RANGE_LOOP_ANALYSIS = YES;
				CLANG_WARN_STRICT_PROTOTYPES = YES;
				CLANG_WARN_SUSPICIOUS_MOVE = YES;
				CLANG_WARN_UNGUARDED_AVAILABILITY = YES_AGGRESSIVE;
				CLANG_WARN_UNREACHABLE_CODE = YES;
				CLANG_WARN__DUPLICATE_METHOD_MATCH = YES;
				COPY_PHASE_STRIP = NO;
				DEBUG_INFORMATION_FORMAT = "dwarf-with-dsym";
				ENABLE_NS_ASSERTIONS = NO;
				ENABLE_STRICT_OBJC_MSGSEND = YES;
				ENABLE_USER_SCRIPT_SANDBOXING = YES;
				GCC_C_LANGUAGE_STANDARD = gnu17;
				GCC_NO_COMMON_BLOCKS = YES;
				GCC_WARN_64_TO_32_BIT_CONVERSION = YES;
				GCC_WARN_ABOUT_RETURN_TYPE = YES_ERROR;
				GCC_WARN_UNDECLARED_SELECTOR = YES;
				GCC_WARN_UNINITIALIZED_AUTOS = YES_AGGRESSIVE;
				GCC_WARN_UNUSED_FUNCTION = YES;
				GCC_WARN_UNUSED_VARIABLE = YES;
				IPHONEOS_DEPLOYMENT_TARGET = 18.4;
				LOCALIZATION_PREFERS_STRING_CATALOGS = YES;
				MTL_ENABLE_DEBUG_INFO = NO;
				MTL_FAST_MATH = YES;
				SDKROOT = iphoneos;
				SWIFT_COMPILATION_MODE = wholemodule;
				VALIDATE_PRODUCT = YES;
			};
			name = Release;
		};
		C7BEBBEC2DAE8E6F001134CC /* Debug */ = {
			isa = XCBuildConfiguration;
			buildSettings = {
				ASSETCATALOG_COMPILER_APPICON_NAME = AppIcon;
				ASSETCATALOG_COMPILER_GLOBAL_ACCENT_COLOR_NAME = AccentColor;
				CODE_SIGN_IDENTITY = "Apple Development";
				CODE_SIGN_STYLE = Automatic;
				CURRENT_PROJECT_VERSION = 1;
				DEVELOPMENT_TEAM = Z9SA54MPAQ;
				ENABLE_PREVIEWS = YES;
				GENERATE_INFOPLIST_FILE = YES;
				INFOPLIST_FILE = TestWebviewLegitimuzSDK/Info.plist;
				INFOPLIST_KEY_UIApplicationSceneManifest_Generation = YES;
				INFOPLIST_KEY_UIApplicationSupportsIndirectInputEvents = YES;
				INFOPLIST_KEY_UILaunchScreen_Generation = YES;
				INFOPLIST_KEY_UISupportedInterfaceOrientations_iPad = "UIInterfaceOrientationPortrait UIInterfaceOrientationPortraitUpsideDown UIInterfaceOrientationLandscapeLeft UIInterfaceOrientationLandscapeRight";
				INFOPLIST_KEY_UISupportedInterfaceOrientations_iPhone = "UIInterfaceOrientationPortrait UIInterfaceOrientationLandscapeLeft UIInterfaceOrientationLandscapeRight";
				LD_RUNPATH_SEARCH_PATHS = (
					"$(inherited)",
					"@executable_path/Frameworks",
				);
				MARKETING_VERSION = 1.0;
				PRODUCT_BUNDLE_IDENTIFIER = Legitimuz.TestWebviewLegitimuzSDK;
				PRODUCT_NAME = "$(TARGET_NAME)";
				PROVISIONING_PROFILE_SPECIFIER = "";
				SWIFT_EMIT_LOC_STRINGS = YES;
				SWIFT_VERSION = 5.0;
				TARGETED_DEVICE_FAMILY = "1,2";
			};
			name = Debug;
		};
		C7BEBBED2DAE8E6F001134CC /* Release */ = {
			isa = XCBuildConfiguration;
			buildSettings = {
				ASSETCATALOG_COMPILER_APPICON_NAME = AppIcon;
				ASSETCATALOG_COMPILER_GLOBAL_ACCENT_COLOR_NAME = AccentColor;
				CODE_SIGN_IDENTITY = "Apple Development";
				CODE_SIGN_STYLE = Automatic;
				CURRENT_PROJECT_VERSION = 1;
				DEVELOPMENT_TEAM = Z9SA54MPAQ;
				ENABLE_PREVIEWS = YES;
				GENERATE_INFOPLIST_FILE = YES;
				INFOPLIST_FILE = TestWebviewLegitimuzSDK/Info.plist;
				INFOPLIST_KEY_UIApplicationSceneManifest_Generation = YES;
				INFOPLIST_KEY_UIApplicationSupportsIndirectInputEvents = YES;
				INFOPLIST_KEY_UILaunchScreen_Generation = YES;
				INFOPLIST_KEY_UISupportedInterfaceOrientations_iPad = "UIInterfaceOrientationPortrait UIInterfaceOrientationPortraitUpsideDown UIInterfaceOrientationLandscapeLeft UIInterfaceOrientationLandscapeRight";
				INFOPLIST_KEY_UISupportedInterfaceOrientations_iPhone = "UIInterfaceOrientationPortrait UIInterfaceOrientationLandscapeLeft UIInterfaceOrientationLandscapeRight";
				LD_RUNPATH_SEARCH_PATHS = (
					"$(inherited)",
					"@executable_path/Frameworks",
				);
				MARKETING_VERSION = 1.0;
				PRODUCT_BUNDLE_IDENTIFIER = Legitimuz.TestWebviewLegitimuzSDK;
				PRODUCT_NAME = "$(TARGET_NAME)";
				PROVISIONING_PROFILE_SPECIFIER = "";
				SWIFT_EMIT_LOC_STRINGS = YES;
				SWIFT_VERSION = 5.0;
				TARGETED_DEVICE_FAMILY = "1,2";
			};
			name = Release;
		};
		C7BEBBEF2DAE8E6F001134CC /* Debug */ = {
			isa = XCBuildConfiguration;
			buildSettings = {
				BUNDLE_LOADER = "$(TEST_HOST)";
				CODE_SIGN_STYLE = Automatic;
				CURRENT_PROJECT_VERSION = 1;
				GENERATE_INFOPLIST_FILE = YES;
				IPHONEOS_DEPLOYMENT_TARGET = 18.4;
				MARKETING_VERSION = 1.0;
				PRODUCT_BUNDLE_IDENTIFIER = Legitimuz.TestWebviewLegitimuzSDKTests;
				PRODUCT_NAME = "$(TARGET_NAME)";
				SWIFT_EMIT_LOC_STRINGS = NO;
				SWIFT_VERSION = 5.0;
				TARGETED_DEVICE_FAMILY = "1,2";
				TEST_HOST = "$(BUILT_PRODUCTS_DIR)/TestWebviewLegitimuzSDK.app/$(BUNDLE_EXECUTABLE_FOLDER_PATH)/TestWebviewLegitimuzSDK";
			};
			name = Debug;
		};
		C7BEBBF02DAE8E6F001134CC /* Release */ = {
			isa = XCBuildConfiguration;
			buildSettings = {
				BUNDLE_LOADER = "$(TEST_HOST)";
				CODE_SIGN_STYLE = Automatic;
				CURRENT_PROJECT_VERSION = 1;
				GENERATE_INFOPLIST_FILE = YES;
				IPHONEOS_DEPLOYMENT_TARGET = 18.4;
				MARKETING_VERSION = 1.0;
				PRODUCT_BUNDLE_IDENTIFIER = Legitimuz.TestWebviewLegitimuzSDKTests;
				PRODUCT_NAME = "$(TARGET_NAME)";
				SWIFT_EMIT_LOC_STRINGS = NO;
				SWIFT_VERSION = 5.0;
				TARGETED_DEVICE_FAMILY = "1,2";
				TEST_HOST = "$(BUILT_PRODUCTS_DIR)/TestWebviewLegitimuzSDK.app/$(BUNDLE_EXECUTABLE_FOLDER_PATH)/TestWebviewLegitimuzSDK";
			};
			name = Release;
		};
		C7BEBBF22DAE8E6F001134CC /* Debug */ = {
			isa = XCBuildConfiguration;
			buildSettings = {
				CODE_SIGN_STYLE = Automatic;
				CURRENT_PROJECT_VERSION = 1;
				GENERATE_INFOPLIST_FILE = YES;
				MARKETING_VERSION = 1.0;
				PRODUCT_BUNDLE_IDENTIFIER = Legitimuz.TestWebviewLegitimuzSDKUITests;
				PRODUCT_NAME = "$(TARGET_NAME)";
				SWIFT_EMIT_LOC_STRINGS = NO;
				SWIFT_VERSION = 5.0;
				TARGETED_DEVICE_FAMILY = "1,2";
				TEST_TARGET_NAME = TestWebviewLegitimuzSDK;
			};
			name = Debug;
		};
		C7BEBBF32DAE8E6F001134CC /* Release */ = {
			isa = XCBuildConfiguration;
			buildSettings = {
				CODE_SIGN_STYLE = Automatic;
				CURRENT_PROJECT_VERSION = 1;
				GENERATE_INFOPLIST_FILE = YES;
				MARKETING_VERSION = 1.0;
				PRODUCT_BUNDLE_IDENTIFIER = Legitimuz.TestWebviewLegitimuzSDKUITests;
				PRODUCT_NAME = "$(TARGET_NAME)";
				SWIFT_EMIT_LOC_STRINGS = NO;
				SWIFT_VERSION = 5.0;
				TARGETED_DEVICE_FAMILY = "1,2";
				TEST_TARGET_NAME = TestWebviewLegitimuzSDK;
			};
			name = Release;
		};
/* End XCBuildConfiguration section */

/* Begin XCConfigurationList section */
		C7BEBBC52DAE8E6E001134CC /* Build configuration list for PBXProject "TestWebviewLegitimuzSDK" */ = {
			isa = XCConfigurationList;
			buildConfigurations = (
				C7BEBBE92DAE8E6F001134CC /* Debug */,
				C7BEBBEA2DAE8E6F001134CC /* Release */,
			);
			defaultConfigurationIsVisible = 0;
			defaultConfigurationName = Release;
		};
		C7BEBBEB2DAE8E6F001134CC /* Build configuration list for PBXNativeTarget "TestWebviewLegitimuzSDK" */ = {
			isa = XCConfigurationList;
			buildConfigurations = (
				C7BEBBEC2DAE8E6F001134CC /* Debug */,
				C7BEBBED2DAE8E6F001134CC /* Release */,
			);
			defaultConfigurationIsVisible = 0;
			defaultConfigurationName = Release;
		};
		C7BEBBEE2DAE8E6F001134CC /* Build configuration list for PBXNativeTarget "TestWebviewLegitimuzSDKTests" */ = {
			isa = XCConfigurationList;
			buildConfigurations = (
				C7BEBBEF2DAE8E6F001134CC /* Debug */,
				C7BEBBF02DAE8E6F001134CC /* Release */,
			);
			defaultConfigurationIsVisible = 0;
			defaultConfigurationName = Release;
		};
		C7BEBBF12DAE8E6F001134CC /* Build configuration list for PBXNativeTarget "TestWebviewLegitimuzSDKUITests" */ = {
			isa = XCConfigurationList;
			buildConfigurations = (
				C7BEBBF22DAE8E6F001134CC /* Debug */,
				C7BEBBF32DAE8E6F001134CC /* Release */,
			);
			defaultConfigurationIsVisible = 0;
			defaultConfigurationName = Release;
		};
/* End XCConfigurationList section */
	};
	rootObject = C7BEBBC22DAE8E6E001134CC /* Project object */;
}
